dependencies:
  idf:
    source:
      type: idf
    version: 5.2.5
  lovyanGFX:
    component_hash: dfd18bad566cc59688f71f0628cb1015f0de9638df9f81e759f48ad6662dfce8
    dependencies: []
    source:
      git: https://github.com/lovyan03/LovyanGFX.git
      path: .
      type: git
    version: 5438181440c71cf30bbdc347b0b1597ae3ebf77d
direct_dependencies:
- lovyanGFX
manifest_hash: 78df84d8e056cbb8022c5863e533212f6d32dfc4c2b8a270b8b8850ff3fc86b9
target: esp32s3
version: 2.0.0
