dependencies:
  idf:
    source:
      type: idf
    version: 5.2.5
  lovyanGFX:
    component_hash: dfd18bad566cc59688f71f0628cb1015f0de9638df9f81e759f48ad6662dfce8
    dependencies: []
    source:
      git: https://github.com/lovyan03/LovyanGFX.git
      path: .
      type: git
    version: 5438181440c71cf30bbdc347b0b1597ae3ebf77d
direct_dependencies:
- lovyanGFX
manifest_hash: b5c3964d74afcd7b2be56106475b19f0b5e0cd35f1c793d59b0893407a9b79b7
target: esp32s3
version: 2.0.0
